<?xml version="1.0" encoding="utf-8"?>
<Project ToolsVersion="4.0" xmlns="http://schemas.microsoft.com/developer/msbuild/2003">
  <ItemGroup>
    <Filter Include="Assets">
      <UniqueIdentifier>c7a308e9-17ba-4265-9ef3-d09f77f3a78a</UniqueIdentifier>
      <Extensions>ico;cur;bmp;dds;dlg;fbx;rct;bin;rgs;gif;jpg;jpeg;jpe;resx;tga;tiff;tif;png;wav;mfcribbon-ms</Extensions>
    </Filter>
    <Filter Include="Framework">
      <UniqueIdentifier>{892d83cd-9101-46bb-890a-1f5c98f37762}</UniqueIdentifier>
    </Filter>
    <Filter Include="GeneralClasses">
      <UniqueIdentifier>{90639924-b6e8-4265-a41c-c9f9c7a85bb3}</UniqueIdentifier>
    </Filter>
    <Filter Include="GameClasses">
      <UniqueIdentifier>{cdb24880-36a6-4c05-8102-6ac08cd4040d}</UniqueIdentifier>
    </Filter>
  </ItemGroup>
  <ItemGroup>
    <ClInclude Include="Game.h">
      <Filter>Framework</Filter>
    </ClInclude>
    <ClInclude Include="pch.h">
      <Filter>Framework</Filter>
    </ClInclude>
    <ClInclude Include="StepTimer.h">
      <Filter>Framework</Filter>
    </ClInclude>
    <ClInclude Include="GameObject.h">
      <Filter>GameClasses</Filter>
    </ClInclude>
    <ClInclude Include="Meteor.h">
      <Filter>GameClasses</Filter>
    </ClInclude>
    <ClInclude Include="Projectile.h">
      <Filter>GameClasses</Filter>
    </ClInclude>
    <ClInclude Include="Spaceship.h">
      <Filter>GameClasses</Filter>
    </ClInclude>
    <ClInclude Include="GameplayHelpers.h">
      <Filter>GeneralClasses</Filter>
    </ClInclude>
    <ClInclude Include="Random.h">
      <Filter>GeneralClasses</Filter>
    </ClInclude>
    <ClInclude Include="RenderData.h">
      <Filter>GeneralClasses</Filter>
    </ClInclude>
    <ClInclude Include="InputManager.h">
      <Filter>GeneralClasses</Filter>
    </ClInclude>
    <ClInclude Include="MeteorsManager.h">
      <Filter>GameClasses</Filter>
    </ClInclude>
    <ClInclude Include="World.h">
      <Filter>GameClasses</Filter>
    </ClInclude>
  </ItemGroup>
  <ItemGroup>
    <ClCompile Include="Main.cpp" />
    <ClCompile Include="Game.cpp">
      <Filter>Framework</Filter>
    </ClCompile>
    <ClCompile Include="pch.cpp">
      <Filter>Framework</Filter>
    </ClCompile>
    <ClCompile Include="GameObject.cpp">
      <Filter>GameClasses</Filter>
    </ClCompile>
    <ClCompile Include="Meteor.cpp">
      <Filter>GameClasses</Filter>
    </ClCompile>
    <ClCompile Include="Projectile.cpp">
      <Filter>GameClasses</Filter>
    </ClCompile>
    <ClCompile Include="Spaceship.cpp">
      <Filter>GameClasses</Filter>
    </ClCompile>
    <ClCompile Include="GameplayHelpers.cpp">
      <Filter>GeneralClasses</Filter>
    </ClCompile>
    <ClCompile Include="Random.cpp">
      <Filter>GeneralClasses</Filter>
    </ClCompile>
    <ClCompile Include="RenderData.cpp">
      <Filter>GeneralClasses</Filter>
    </ClCompile>
    <ClCompile Include="InputManager.cpp">
      <Filter>GeneralClasses</Filter>
    </ClCompile>
    <ClCompile Include="MeteorsManager.cpp">
      <Filter>GameClasses</Filter>
    </ClCompile>
    <ClCompile Include="World.cpp">
      <Filter>GameClasses</Filter>
    </ClCompile>
  </ItemGroup>
  <ItemGroup>
    <Image Include="directx.ico">
      <Filter>Assets</Filter>
    </Image>
  </ItemGroup>
  <ItemGroup>
    <Manifest Include="settings.manifest">
      <Filter>Assets</Filter>
    </Manifest>
  </ItemGroup>
  <ItemGroup>
    <None Include="packages.config">
      <Filter>Framework</Filter>
    </None>
  </ItemGroup>
  <ItemGroup>
    <ResourceCompile Include="resource.rc">
      <Filter>Framework</Filter>
    </ResourceCompile>
  </ItemGroup>
</Project>