<?xml version="1.0" encoding="utf-8"?>
<Project ToolsVersion="4.0" xmlns="http://schemas.microsoft.com/developer/msbuild/2003">
  <ItemGroup>
    <Filter Include="Assets">
      <UniqueIdentifier>c7a308e9-17ba-4265-9ef3-d09f77f3a78a</UniqueIdentifier>
      <Extensions>ico;cur;bmp;dds;dlg;fbx;rct;bin;rgs;gif;jpg;jpeg;jpe;resx;tga;tiff;tif;png;wav;mfcribbon-ms</Extensions>
    </Filter>
    <Filter Include="Framework">
      <UniqueIdentifier>{892d83cd-9101-46bb-890a-1f5c98f37762}</UniqueIdentifier>
    </Filter>
  </ItemGroup>
  <ItemGroup>
    <ClInclude Include="GameObject.h" />
    <ClInclude Include="Game.h">
      <Filter>Framework</Filter>
    </ClInclude>
    <ClInclude Include="pch.h">
      <Filter>Framework</Filter>
    </ClInclude>
    <ClInclude Include="StepTimer.h">
      <Filter>Framework</Filter>
    </ClInclude>
    <ClInclude Include="World.h" />
    <ClInclude Include="Spaceship.h" />
    <ClInclude Include="Projectile.h" />
    <ClInclude Include="InputManager.h" />
    <ClInclude Include="GameplayHelpers.h" />
    <ClInclude Include="Meteor.h" />
    <ClInclude Include="Random.h" />
    <ClInclude Include="MeteorsManager.h" />
  </ItemGroup>
  <ItemGroup>
    <ClCompile Include="Main.cpp" />
    <ClCompile Include="GameObject.cpp" />
    <ClCompile Include="Game.cpp">
      <Filter>Framework</Filter>
    </ClCompile>
    <ClCompile Include="pch.cpp">
      <Filter>Framework</Filter>
    </ClCompile>
    <ClCompile Include="World.cpp" />
    <ClCompile Include="Spaceship.cpp" />
    <ClCompile Include="Projectile.cpp" />
    <ClCompile Include="InputManager.cpp" />
    <ClCompile Include="GameplayHelpers.cpp" />
    <ClCompile Include="Meteor.cpp" />
    <ClCompile Include="Random.cpp" />
    <ClCompile Include="MeteorsManager.cpp" />
  </ItemGroup>
  <ItemGroup>
    <Image Include="directx.ico">
      <Filter>Assets</Filter>
    </Image>
  </ItemGroup>
  <ItemGroup>
    <Manifest Include="settings.manifest">
      <Filter>Assets</Filter>
    </Manifest>
  </ItemGroup>
  <ItemGroup>
    <None Include="packages.config">
      <Filter>Framework</Filter>
    </None>
  </ItemGroup>
  <ItemGroup>
    <ResourceCompile Include="resource.rc">
      <Filter>Framework</Filter>
    </ResourceCompile>
  </ItemGroup>
</Project>